Microsoft Visual Studio Solution File, Format Version 12.00
# Visual Studio 15
VisualStudioVersion = 15.0.26430.14
MinimumVisualStudioVersion = 10.0.40219.1
Project("{FAE04EC0-301F-11D3-BF4B-00C04F79EFBC}") = "DiscriminatorTest.Standard", "DiscriminatorTest.Standard/DiscriminatorTest.Standard.csproj", "{8efb2247-f2da-4fad-84dc-65996b96ef14}"
EndProject
Global
    GlobalSection(SolutionConfigurationPlatforms) = preSolution
        Debug|Any CPU = Debug|Any CPU
        Release|Any CPU = Release|Any CPU
    EndGlobalSection
    GlobalSection(ProjectConfigurationPlatforms) = postSolution
        {8efb2247-f2da-4fad-84dc-65996b96ef14}.Debug|Any CPU.ActiveCfg = Debug|Any CPU
        {8efb2247-f2da-4fad-84dc-65996b96ef14}.Debug|Any CPU.Build.0 = Debug|Any CPU
        {8efb2247-f2da-4fad-84dc-65996b96ef14}.Release|Any CPU.ActiveCfg = Release|Any CPU
        {8efb2247-f2da-4fad-84dc-65996b96ef14}.Release|Any CPU.Build.0 = Release|Any CPU
    EndGlobalSection
    GlobalSection(SolutionProperties) = preSolution
        HideSolutionNode = FALSE
    EndGlobalSection
EndGlobal
